// !$*UTF8*$!
{
	archiveVersion = 1;
	classes = {
	};
	objectVersion = 56;
	objects = {

/* Begin PBXBuildFile section */
		4EE9EED82C09F672009D4D1C /* picsumApp.swift in Sources */ = {isa = PBXBuildFile; fileRef = 4EE9EED72C09F672009D4D1C /* picsumApp.swift */; };
		4EE9EEDA2C09F672009D4D1C /* ContentView.swift in Sources */ = {isa = PBXBuildFile; fileRef = 4EE9EED92C09F672009D4D1C /* ContentView.swift */; };
		4EE9EEDC2C09F673009D4D1C /* Assets.xcassets in Resources */ = {isa = PBXBuildFile; fileRef = 4EE9EEDB2C09F673009D4D1C /* Assets.xcassets */; };
		4EE9EEDF2C09F673009D4D1C /* Preview Assets.xcassets in Resources */ = {isa = PBXBuildFile; fileRef = 4EE9EEDE2C09F673009D4D1C /* Preview Assets.xcassets */; };
		E78607F41943C752E187745A /* Pods_picsum.framework in Frameworks */ = {isa = PBXBuildFile; fileRef = DA90ABDE7C90C55720F1100C /* Pods_picsum.framework */; };
/* End PBXBuildFile section */

/* Begin PBXContainerItemProxy section */
		4EE9EEE52C09F674009D4D1C /* PBXContainerItemProxy */ = {
			isa = PBXContainerItemProxy;
			containerPortal = 4EE9EECC2C09F672009D4D1C /* Project object */;
			proxyType = 1;
			remoteGlobalIDString = 4EE9EED32C09F672009D4D1C;
			remoteInfo = picsum;
		};
		4EE9EEEF2C09F674009D4D1C /* PBXContainerItemProxy */ = {
			isa = PBXContainerItemProxy;
			containerPortal = 4EE9EECC2C09F672009D4D1C /* Project object */;
			proxyType = 1;
			remoteGlobalIDString = 4EE9EED32C09F672009D4D1C;
			remoteInfo = picsum;
		};
/* End PBXContainerItemProxy section */

/* Begin PBXFileReference section */
		2BFA4CA935F4C7EE29077A66 /* Pods-picsum.release.xcconfig */ = {isa = PBXFileReference; includeInIndex = 1; lastKnownFileType = text.xcconfig; name = "Pods-picsum.release.xcconfig"; path = "Target Support Files/Pods-picsum/Pods-picsum.release.xcconfig"; sourceTree = "<group>"; };
		4EE9EED42C09F672009D4D1C /* picsum.app */ = {isa = PBXFileReference; explicitFileType = wrapper.application; includeInIndex = 0; path = picsum.app; sourceTree = BUILT_PRODUCTS_DIR; };
		4EE9EED72C09F672009D4D1C /* picsumApp.swift */ = {isa = PBXFileReference; lastKnownFileType = sourcecode.swift; path = picsumApp.swift; sourceTree = "<group>"; };
		4EE9EED92C09F672009D4D1C /* ContentView.swift */ = {isa = PBXFileReference; lastKnownFileType = sourcecode.swift; path = ContentView.swift; sourceTree = "<group>"; };
		4EE9EEDB2C09F673009D4D1C /* Assets.xcassets */ = {isa = PBXFileReference; lastKnownFileType = folder.assetcatalog; path = Assets.xcassets; sourceTree = "<group>"; };
		4EE9EEDE2C09F673009D4D1C /* Preview Assets.xcassets */ = {isa = PBXFileReference; lastKnownFileType = folder.assetcatalog; path = "Preview Assets.xcassets"; sourceTree = "<group>"; };
		4EE9EEE42C09F674009D4D1C /* picsumTests.xctest */ = {isa = PBXFileReference; explicitFileType = wrapper.cfbundle; includeInIndex = 0; path = picsumTests.xctest; sourceTree = BUILT_PRODUCTS_DIR; };
		4EE9EEEE2C09F674009D4D1C /* picsumUITests.xctest */ = {isa = PBXFileReference; explicitFileType = wrapper.cfbundle; includeInIndex = 0; path = picsumUITests.xctest; sourceTree = BUILT_PRODUCTS_DIR; };
		90CC988559D27862EC8755FE /* Pods-picsum.debug.xcconfig */ = {isa = PBXFileReference; includeInIndex = 1; lastKnownFileType = text.xcconfig; name = "Pods-picsum.debug.xcconfig"; path = "Target Support Files/Pods-picsum/Pods-picsum.debug.xcconfig"; sourceTree = "<group>"; };
		DA90ABDE7C90C55720F1100C /* Pods_picsum.framework */ = {isa = PBXFileReference; explicitFileType = wrapper.framework; includeInIndex = 0; path = Pods_picsum.framework; sourceTree = BUILT_PRODUCTS_DIR; };
/* End PBXFileReference section */

/* Begin PBXFrameworksBuildPhase section */
		4EE9EED12C09F672009D4D1C /* Frameworks */ = {
			isa = PBXFrameworksBuildPhase;
			buildActionMask = 2147483647;
			files = (
				E78607F41943C752E187745A /* Pods_picsum.framework in Frameworks */,
			);
			runOnlyForDeploymentPostprocessing = 0;
		};
		4EE9EEE12C09F674009D4D1C /* Frameworks */ = {
			isa = PBXFrameworksBuildPhase;
			buildActionMask = 2147483647;
			files = (
			);
			runOnlyForDeploymentPostprocessing = 0;
		};
		4EE9EEEB2C09F674009D4D1C /* Frameworks */ = {
			isa = PBXFrameworksBuildPhase;
			buildActionMask = 2147483647;
			files = (
			);
			runOnlyForDeploymentPostprocessing = 0;
		};
/* End PBXFrameworksBuildPhase section */

/* Begin PBXGroup section */
		4EE9EECB2C09F672009D4D1C = {
			isa = PBXGroup;
			children = (
				4EE9EED62C09F672009D4D1C /* picsum */,
				4EE9EED52C09F672009D4D1C /* Products */,
				C0758077BA5CBF795439CC53 /* Pods */,
				976390CD5C6342DED652B926 /* Frameworks */,
			);
			sourceTree = "<group>";
		};
		4EE9EED52C09F672009D4D1C /* Products */ = {
			isa = PBXGroup;
			children = (
				4EE9EED42C09F672009D4D1C /* picsum.app */,
				4EE9EEE42C09F674009D4D1C /* picsumTests.xctest */,
				4EE9EEEE2C09F674009D4D1C /* picsumUITests.xctest */,
			);
			name = Products;
			sourceTree = "<group>";
		};
		4EE9EED62C09F672009D4D1C /* picsum */ = {
			isa = PBXGroup;
			children = (
				4EE9EED72C09F672009D4D1C /* picsumApp.swift */,
				4EE9EED92C09F672009D4D1C /* ContentView.swift */,
				4EE9EEDB2C09F673009D4D1C /* Assets.xcassets */,
				4EE9EEDD2C09F673009D4D1C /* Preview Content */,
			);
			path = picsum;
			sourceTree = "<group>";
		};
		4EE9EEDD2C09F673009D4D1C /* Preview Content */ = {
			isa = PBXGroup;
			children = (
				4EE9EEDE2C09F673009D4D1C /* Preview Assets.xcassets */,
			);
			path = "Preview Content";
			sourceTree = "<group>";
		};
		976390CD5C6342DED652B926 /* Frameworks */ = {
			isa = PBXGroup;
			children = (
				DA90ABDE7C90C55720F1100C /* Pods_picsum.framework */,
			);
			name = Frameworks;
			sourceTree = "<group>";
		};
		C0758077BA5CBF795439CC53 /* Pods */ = {
			isa = PBXGroup;
			children = (
				90CC988559D27862EC8755FE /* Pods-picsum.debug.xcconfig */,
				2BFA4CA935F4C7EE29077A66 /* Pods-picsum.release.xcconfig */,
			);
			name = Pods;
			path = Pods;
			sourceTree = "<group>";
		};
/* End PBXGroup section */

/* Begin PBXNativeTarget section */
		4EE9EED32C09F672009D4D1C /* picsum */ = {
			isa = PBXNativeTarget;
			buildConfigurationList = 4EE9EEF82C09F674009D4D1C /* Build configuration list for PBXNativeTarget "picsum" */;
			buildPhases = (
				AE11793A3984CD7B1D671AA3 /* [CP] Check Pods Manifest.lock */,
				4EE9EED02C09F672009D4D1C /* Sources */,
				4EE9EED12C09F672009D4D1C /* Frameworks */,
				4EE9EED22C09F672009D4D1C /* Resources */,
				16AC001D2D3879FAE024EA83 /* [CP] Embed Pods Frameworks */,
			);
			buildRules = (
			);
			dependencies = (
			);
			name = picsum;
			productName = picsum;
			productReference = 4EE9EED42C09F672009D4D1C /* picsum.app */;
			productType = "com.apple.product-type.application";
		};
		4EE9EEE32C09F674009D4D1C /* picsumTests */ = {
			isa = PBXNativeTarget;
			buildConfigurationList = 4EE9EEFB2C09F674009D4D1C /* Build configuration list for PBXNativeTarget "picsumTests" */;
			buildPhases = (
				4EE9EEE02C09F674009D4D1C /* Sources */,
				4EE9EEE12C09F674009D4D1C /* Frameworks */,
				4EE9EEE22C09F674009D4D1C /* Resources */,
			);
			buildRules = (
			);
			dependencies = (
				4EE9EEE62C09F674009D4D1C /* PBXTargetDependency */,
			);
			name = picsumTests;
			productName = picsumTests;
			productReference = 4EE9EEE42C09F674009D4D1C /* picsumTests.xctest */;
			productType = "com.apple.product-type.bundle.unit-test";
		};
		4EE9EEED2C09F674009D4D1C /* picsumUITests */ = {
			isa = PBXNativeTarget;
			buildConfigurationList = 4EE9EEFE2C09F674009D4D1C /* Build configuration list for PBXNativeTarget "picsumUITests" */;
			buildPhases = (
				4EE9EEEA2C09F674009D4D1C /* Sources */,
				4EE9EEEB2C09F674009D4D1C /* Frameworks */,
				4EE9EEEC2C09F674009D4D1C /* Resources */,
			);
			buildRules = (
			);
			dependencies = (
				4EE9EEF02C09F674009D4D1C /* PBXTargetDependency */,
			);
			name = picsumUITests;
			productName = picsumUITests;
			productReference = 4EE9EEEE2C09F674009D4D1C /* picsumUITests.xctest */;
			productType = "com.apple.product-type.bundle.ui-testing";
		};
/* End PBXNativeTarget section */

/* Begin PBXProject section */
		4EE9EECC2C09F672009D4D1C /* Project object */ = {
			isa = PBXProject;
			attributes = {
				BuildIndependentTargetsInParallel = 1;
				LastSwiftUpdateCheck = 1540;
				LastUpgradeCheck = 1540;
				TargetAttributes = {
					4EE9EED32C09F672009D4D1C = {
						CreatedOnToolsVersion = 15.4;
					};
					4EE9EEE32C09F674009D4D1C = {
						CreatedOnToolsVersion = 15.4;
						TestTargetID = 4EE9EED32C09F672009D4D1C;
					};
					4EE9EEED2C09F674009D4D1C = {
						CreatedOnToolsVersion = 15.4;
						TestTargetID = 4EE9EED32C09F672009D4D1C;
					};
				};
			};
			buildConfigurationList = 4EE9EECF2C09F672009D4D1C /* Build configuration list for PBXProject "picsum" */;
			compatibilityVersion = "Xcode 14.0";
			developmentRegion = en;
			hasScannedForEncodings = 0;
			knownRegions = (
				en,
				Base,
			);
			mainGroup = 4EE9EECB2C09F672009D4D1C;
			productRefGroup = 4EE9EED52C09F672009D4D1C /* Products */;
			projectDirPath = "";
			projectRoot = "";
			targets = (
				4EE9EED32C09F672009D4D1C /* picsum */,
				4EE9EEE32C09F674009D4D1C /* picsumTests */,
				4EE9EEED2C09F674009D4D1C /* picsumUITests */,
			);
		};
/* End PBXProject section */

/* Begin PBXResourcesBuildPhase section */
		4EE9EED22C09F672009D4D1C /* Resources */ = {
			isa = PBXResourcesBuildPhase;
			buildActionMask = 2147483647;
			files = (
				4EE9EEDF2C09F673009D4D1C /* Preview Assets.xcassets in Resources */,
				4EE9EEDC2C09F673009D4D1C /* Assets.xcassets in Resources */,
			);
			runOnlyForDeploymentPostprocessing = 0;
		};
		4EE9EEE22C09F674009D4D1C /* Resources */ = {
			isa = PBXResourcesBuildPhase;
			buildActionMask = 2147483647;
			files = (
			);
			runOnlyForDeploymentPostprocessing = 0;
		};
		4EE9EEEC2C09F674009D4D1C /* Resources */ = {
			isa = PBXResourcesBuildPhase;
			buildActionMask = 2147483647;
			files = (
			);
			runOnlyForDeploymentPostprocessing = 0;
		};
/* End PBXResourcesBuildPhase section */

/* Begin PBXShellScriptBuildPhase section */
		16AC001D2D3879FAE024EA83 /* [CP] Embed Pods Frameworks */ = {
			isa = PBXShellScriptBuildPhase;
			buildActionMask = 2147483647;
			files = (
			);
			inputFileListPaths = (
				"${PODS_ROOT}/Target Support Files/Pods-picsum/Pods-picsum-frameworks-${CONFIGURATION}-input-files.xcfilelist",
			);
			name = "[CP] Embed Pods Frameworks";
			outputFileListPaths = (
				"${PODS_ROOT}/Target Support Files/Pods-picsum/Pods-picsum-frameworks-${CONFIGURATION}-output-files.xcfilelist",
			);
			runOnlyForDeploymentPostprocessing = 0;
			shellPath = /bin/sh;
			shellScript = "\"${PODS_ROOT}/Target Support Files/Pods-picsum/Pods-picsum-frameworks.sh\"\n";
			showEnvVarsInLog = 0;
		};
		AE11793A3984CD7B1D671AA3 /* [CP] Check Pods Manifest.lock */ = {
			isa = PBXShellScriptBuildPhase;
			buildActionMask = 2147483647;
			files = (
			);
			inputFileListPaths = (
			);
			inputPaths = (
				"${PODS_PODFILE_DIR_PATH}/Podfile.lock",
				"${PODS_ROOT}/Manifest.lock",
			);
			name = "[CP] Check Pods Manifest.lock";
			outputFileListPaths = (
			);
			outputPaths = (
				"$(DERIVED_FILE_DIR)/Pods-picsum-checkManifestLockResult.txt",
			);
			runOnlyForDeploymentPostprocessing = 0;
			shellPath = /bin/sh;
			shellScript = "diff \"${PODS_PODFILE_DIR_PATH}/Podfile.lock\" \"${PODS_ROOT}/Manifest.lock\" > /dev/null\nif [ $? != 0 ] ; then\n    # print error to STDERR\n    echo \"error: The sandbox is not in sync with the Podfile.lock. Run 'pod install' or update your CocoaPods installation.\" >&2\n    exit 1\nfi\n# This output is used by Xcode 'outputs' to avoid re-running this script phase.\necho \"SUCCESS\" > \"${SCRIPT_OUTPUT_FILE_0}\"\n";
			showEnvVarsInLog = 0;
		};
/* End PBXShellScriptBuildPhase section */

/* Begin PBXSourcesBuildPhase section */
		4EE9EED02C09F672009D4D1C /* Sources */ = {
			isa = PBXSourcesBuildPhase;
			buildActionMask = 2147483647;
			files = (
				4EE9EEDA2C09F672009D4D1C /* ContentView.swift in Sources */,
				4EE9EED82C09F672009D4D1C /* picsumApp.swift in Sources */,
			);
			runOnlyForDeploymentPostprocessing = 0;
		};
		4EE9EEE02C09F674009D4D1C /* Sources */ = {
			isa = PBXSourcesBuildPhase;
			buildActionMask = 2147483647;
			files = (
			);
			runOnlyForDeploymentPostprocessing = 0;
		};
		4EE9EEEA2C09F674009D4D1C /* Sources */ = {
			isa = PBXSourcesBuildPhase;
			buildActionMask = 2147483647;
			files = (
			);
			runOnlyForDeploymentPostprocessing = 0;
		};
/* End PBXSourcesBuildPhase section */

/* Begin PBXTargetDependency section */
		4EE9EEE62C09F674009D4D1C /* PBXTargetDependency */ = {
			isa = PBXTargetDependency;
			target = 4EE9EED32C09F672009D4D1C /* picsum */;
			targetProxy = 4EE9EEE52C09F674009D4D1C /* PBXContainerItemProxy */;
		};
		4EE9EEF02C09F674009D4D1C /* PBXTargetDependency */ = {
			isa = PBXTargetDependency;
			target = 4EE9EED32C09F672009D4D1C /* picsum */;
			targetProxy = 4EE9EEEF2C09F674009D4D1C /* PBXContainerItemProxy */;
		};
/* End PBXTargetDependency section */

/* Begin XCBuildConfiguration section */
		4EE9EEF62C09F674009D4D1C /* Debug */ = {
			isa = XCBuildConfiguration;
			buildSettings = {
				ALWAYS_SEARCH_USER_PATHS = NO;
				ASSETCATALOG_COMPILER_GENERATE_SWIFT_ASSET_SYMBOL_EXTENSIONS = YES;
				CLANG_ANALYZER_NONNULL = YES;
				CLANG_ANALYZER_NUMBER_OBJECT_CONVERSION = YES_AGGRESSIVE;
				CLANG_CXX_LANGUAGE_STANDARD = "gnu++20";
				CLANG_ENABLE_MODULES = YES;
				CLANG_ENABLE_OBJC_ARC = YES;
				CLANG_ENABLE_OBJC_WEAK = YES;
				CLANG_WARN_BLOCK_CAPTURE_AUTORELEASING = YES;
				CLANG_WARN_BOOL_CONVERSION = YES;
				CLANG_WARN_COMMA = YES;
				CLANG_WARN_CONSTANT_CONVERSION = YES;
				CLANG_WARN_DEPRECATED_OBJC_IMPLEMENTATIONS = YES;
				CLANG_WARN_DIRECT_OBJC_ISA_USAGE = YES_ERROR;
				CLANG_WARN_DOCUMENTATION_COMMENTS = YES;
				CLANG_WARN_EMPTY_BODY = YES;
				CLANG_WARN_ENUM_CONVERSION = YES;
				CLANG_WARN_INFINITE_RECURSION = YES;
				CLANG_WARN_INT_CONVERSION = YES;
				CLANG_WARN_NON_LITERAL_NULL_CONVERSION = YES;
				CLANG_WARN_OBJC_IMPLICIT_RETAIN_SELF = YES;
				CLANG_WARN_OBJC_LITERAL_CONVERSION = YES;
				CLANG_WARN_OBJC_ROOT_CLASS = YES_ERROR;
				CLANG_WARN_QUOTED_INCLUDE_IN_FRAMEWORK_HEADER = YES;
				CLANG_WARN_RANGE_LOOP_ANALYSIS = YES;
				CLANG_WARN_STRICT_PROTOTYPES = YES;
				CLANG_WARN_SUSPICIOUS_MOVE = YES;
				CLANG_WARN_UNGUARDED_AVAILABILITY = YES_AGGRESSIVE;
				CLANG_WARN_UNREACHABLE_CODE = YES;
				CLANG_WARN__DUPLICATE_METHOD_MATCH = YES;
				COPY_PHASE_STRIP = NO;
				DEBUG_INFORMATION_FORMAT = dwarf;
				ENABLE_STRICT_OBJC_MSGSEND = YES;
				ENABLE_TESTABILITY = YES;
				ENABLE_USER_SCRIPT_SANDBOXING = YES;
				GCC_C_LANGUAGE_STANDARD = gnu17;
				GCC_DYNAMIC_NO_PIC = NO;
				GCC_NO_COMMON_BLOCKS = YES;
				GCC_OPTIMIZATION_LEVEL = 0;
				GCC_PREPROCESSOR_DEFINITIONS = (
					"DEBUG=1",
					"$(inherited)",
				);
				GCC_WARN_64_TO_32_BIT_CONVERSION = YES;
				GCC_WARN_ABOUT_RETURN_TYPE = YES_ERROR;
				GCC_WARN_UNDECLARED_SELECTOR = YES;
				GCC_WARN_UNINITIALIZED_AUTOS = YES_AGGRESSIVE;
				GCC_WARN_UNUSED_FUNCTION = YES;
				GCC_WARN_UNUSED_VARIABLE = YES;
				IPHONEOS_DEPLOYMENT_TARGET = 17.5;
				LOCALIZATION_PREFERS_STRING_CATALOGS = YES;
				MTL_ENABLE_DEBUG_INFO = INCLUDE_SOURCE;
				MTL_FAST_MATH = YES;
				ONLY_ACTIVE_ARCH = YES;
				SDKROOT = iphoneos;
				SWIFT_ACTIVE_COMPILATION_CONDITIONS = "DEBUG $(inherited)";
				SWIFT_OPTIMIZATION_LEVEL = "-Onone";
			};
			name = Debug;
		};
		4EE9EEF72C09F674009D4D1C /* Release */ = {
			isa = XCBuildConfiguration;
			buildSettings = {
				ALWAYS_SEARCH_USER_PATHS = NO;
				ASSETCATALOG_COMPILER_GENERATE_SWIFT_ASSET_SYMBOL_EXTENSIONS = YES;
				CLANG_ANALYZER_NONNULL = YES;
				CLANG_ANALYZER_NUMBER_OBJECT_CONVERSION = YES_AGGRESSIVE;
				CLANG_CXX_LANGUAGE_STANDARD = "gnu++20";
				CLANG_ENABLE_MODULES = YES;
				CLANG_ENABLE_OBJC_ARC = YES;
				CLANG_ENABLE_OBJC_WEAK = YES;
				CLANG_WARN_BLOCK_CAPTURE_AUTORELEASING = YES;
				CLANG_WARN_BOOL_CONVERSION = YES;
				CLANG_WARN_COMMA = YES;
				CLANG_WARN_CONSTANT_CONVERSION = YES;
				CLANG_WARN_DEPRECATED_OBJC_IMPLEMENTATIONS = YES;
				CLANG_WARN_DIRECT_OBJC_ISA_USAGE = YES_ERROR;
				CLANG_WARN_DOCUMENTATION_COMMENTS = YES;
				CLANG_WARN_EMPTY_BODY = YES;
				CLANG_WARN_ENUM_CONVERSION = YES;
				CLANG_WARN_INFINITE_RECURSION = YES;
				CLANG_WARN_INT_CONVERSION = YES;
				CLANG_WARN_NON_LITERAL_NULL_CONVERSION = YES;
				CLANG_WARN_OBJC_IMPLICIT_RETAIN_SELF = YES;
				CLANG_WARN_OBJC_LITERAL_CONVERSION = YES;
				CLANG_WARN_OBJC_ROOT_CLASS = YES_ERROR;
				CLANG_WARN_QUOTED_INCLUDE_IN_FRAMEWORK_HEADER = YES;
				CLANG_WARN_RANGE_LOOP_ANALYSIS = YES;
				CLANG_WARN_STRICT_PROTOTYPES = YES;
				CLANG_WARN_SUSPICIOUS_MOVE = YES;
				CLANG_WARN_UNGUARDED_AVAILABILITY = YES_AGGRESSIVE;
				CLANG_WARN_UNREACHABLE_CODE = YES;
				CLANG_WARN__DUPLICATE_METHOD_MATCH = YES;
				COPY_PHASE_STRIP = NO;
				DEBUG_INFORMATION_FORMAT = "dwarf-with-dsym";
				ENABLE_NS_ASSERTIONS = NO;
				ENABLE_STRICT_OBJC_MSGSEND = YES;
				ENABLE_USER_SCRIPT_SANDBOXING = YES;
				GCC_C_LANGUAGE_STANDARD = gnu17;
				GCC_NO_COMMON_BLOCKS = YES;
				GCC_WARN_64_TO_32_BIT_CONVERSION = YES;
				GCC_WARN_ABOUT_RETURN_TYPE = YES_ERROR;
				GCC_WARN_UNDECLARED_SELECTOR = YES;
				GCC_WARN_UNINITIALIZED_AUTOS = YES_AGGRESSIVE;
				GCC_WARN_UNUSED_FUNCTION = YES;
				GCC_WARN_UNUSED_VARIABLE = YES;
				IPHONEOS_DEPLOYMENT_TARGET = 17.5;
				LOCALIZATION_PREFERS_STRING_CATALOGS = YES;
				MTL_ENABLE_DEBUG_INFO = NO;
				MTL_FAST_MATH = YES;
				SDKROOT = iphoneos;
				SWIFT_COMPILATION_MODE = wholemodule;
				VALIDATE_PRODUCT = YES;
			};
			name = Release;
		};
		4EE9EEF92C09F674009D4D1C /* Debug */ = {
			isa = XCBuildConfiguration;
			baseConfigurationReference = 90CC988559D27862EC8755FE /* Pods-picsum.debug.xcconfig */;
			buildSettings = {
				ASSETCATALOG_COMPILER_APPICON_NAME = AppIcon;
				ASSETCATALOG_COMPILER_GLOBAL_ACCENT_COLOR_NAME = AccentColor;
				CODE_SIGN_STYLE = Automatic;
				CURRENT_PROJECT_VERSION = 1;
				DEVELOPMENT_ASSET_PATHS = "\"picsum/Preview Content\"";
				ENABLE_PREVIEWS = YES;
				GENERATE_INFOPLIST_FILE = YES;
				INFOPLIST_KEY_UIApplicationSceneManifest_Generation = YES;
				INFOPLIST_KEY_UIApplicationSupportsIndirectInputEvents = YES;
				INFOPLIST_KEY_UILaunchScreen_Generation = YES;
				INFOPLIST_KEY_UISupportedInterfaceOrientations_iPad = "UIInterfaceOrientationPortrait UIInterfaceOrientationPortraitUpsideDown UIInterfaceOrientationLandscapeLeft UIInterfaceOrientationLandscapeRight";
				INFOPLIST_KEY_UISupportedInterfaceOrientations_iPhone = "UIInterfaceOrientationPortrait UIInterfaceOrientationLandscapeLeft UIInterfaceOrientationLandscapeRight";
				LD_RUNPATH_SEARCH_PATHS = (
					"$(inherited)",
					"@executable_path/Frameworks",
				);
				MARKETING_VERSION = 1.0;
				PRODUCT_BUNDLE_IDENTIFIER = me.omico.picsum;
				PRODUCT_NAME = "$(TARGET_NAME)";
				SWIFT_EMIT_LOC_STRINGS = YES;
				SWIFT_VERSION = 5.0;
				TARGETED_DEVICE_FAMILY = "1,2";
			};
			name = Debug;
		};
		4EE9EEFA2C09F674009D4D1C /* Release */ = {
			isa = XCBuildConfiguration;
			baseConfigurationReference = 2BFA4CA935F4C7EE29077A66 /* Pods-picsum.release.xcconfig */;
			buildSettings = {
				ASSETCATALOG_COMPILER_APPICON_NAME = AppIcon;
				ASSETCATALOG_COMPILER_GLOBAL_ACCENT_COLOR_NAME = AccentColor;
				CODE_SIGN_STYLE = Automatic;
				CURRENT_PROJECT_VERSION = 1;
				DEVELOPMENT_ASSET_PATHS = "\"picsum/Preview Content\"";
				ENABLE_PREVIEWS = YES;
				GENERATE_INFOPLIST_FILE = YES;
				INFOPLIST_KEY_UIApplicationSceneManifest_Generation = YES;
				INFOPLIST_KEY_UIApplicationSupportsIndirectInputEvents = YES;
				INFOPLIST_KEY_UILaunchScreen_Generation = YES;
				INFOPLIST_KEY_UISupportedInterfaceOrientations_iPad = "UIInterfaceOrientationPortrait UIInterfaceOrientationPortraitUpsideDown UIInterfaceOrientationLandscapeLeft UIInterfaceOrientationLandscapeRight";
				INFOPLIST_KEY_UISupportedInterfaceOrientations_iPhone = "UIInterfaceOrientationPortrait UIInterfaceOrientationLandscapeLeft UIInterfaceOrientationLandscapeRight";
				LD_RUNPATH_SEARCH_PATHS = (
					"$(inherited)",
					"@executable_path/Frameworks",
				);
				MARKETING_VERSION = 1.0;
				PRODUCT_BUNDLE_IDENTIFIER = me.omico.picsum;
				PRODUCT_NAME = "$(TARGET_NAME)";
				SWIFT_EMIT_LOC_STRINGS = YES;
				SWIFT_VERSION = 5.0;
				TARGETED_DEVICE_FAMILY = "1,2";
			};
			name = Release;
		};
		4EE9EEFC2C09F674009D4D1C /* Debug */ = {
			isa = XCBuildConfiguration;
			buildSettings = {
				ALWAYS_EMBED_SWIFT_STANDARD_LIBRARIES = YES;
				BUNDLE_LOADER = "$(TEST_HOST)";
				CODE_SIGN_STYLE = Automatic;
				CURRENT_PROJECT_VERSION = 1;
				GENERATE_INFOPLIST_FILE = YES;
				IPHONEOS_DEPLOYMENT_TARGET = 17.5;
				MARKETING_VERSION = 1.0;
				PRODUCT_BUNDLE_IDENTIFIER = me.omico.picsumTests;
				PRODUCT_NAME = "$(TARGET_NAME)";
				SWIFT_EMIT_LOC_STRINGS = NO;
				SWIFT_VERSION = 5.0;
				TARGETED_DEVICE_FAMILY = "1,2";
				TEST_HOST = "$(BUILT_PRODUCTS_DIR)/picsum.app/$(BUNDLE_EXECUTABLE_FOLDER_PATH)/picsum";
			};
			name = Debug;
		};
		4EE9EEFD2C09F674009D4D1C /* Release */ = {
			isa = XCBuildConfiguration;
			buildSettings = {
				ALWAYS_EMBED_SWIFT_STANDARD_LIBRARIES = YES;
				BUNDLE_LOADER = "$(TEST_HOST)";
				CODE_SIGN_STYLE = Automatic;
				CURRENT_PROJECT_VERSION = 1;
				GENERATE_INFOPLIST_FILE = YES;
				IPHONEOS_DEPLOYMENT_TARGET = 17.5;
				MARKETING_VERSION = 1.0;
				PRODUCT_BUNDLE_IDENTIFIER = me.omico.picsumTests;
				PRODUCT_NAME = "$(TARGET_NAME)";
				SWIFT_EMIT_LOC_STRINGS = NO;
				SWIFT_VERSION = 5.0;
				TARGETED_DEVICE_FAMILY = "1,2";
				TEST_HOST = "$(BUILT_PRODUCTS_DIR)/picsum.app/$(BUNDLE_EXECUTABLE_FOLDER_PATH)/picsum";
			};
			name = Release;
		};
		4EE9EEFF2C09F674009D4D1C /* Debug */ = {
			isa = XCBuildConfiguration;
			buildSettings = {
				ALWAYS_EMBED_SWIFT_STANDARD_LIBRARIES = YES;
				CODE_SIGN_STYLE = Automatic;
				CURRENT_PROJECT_VERSION = 1;
				GENERATE_INFOPLIST_FILE = YES;
				MARKETING_VERSION = 1.0;
				PRODUCT_BUNDLE_IDENTIFIER = me.omico.picsumUITests;
				PRODUCT_NAME = "$(TARGET_NAME)";
				SWIFT_EMIT_LOC_STRINGS = NO;
				SWIFT_VERSION = 5.0;
				TARGETED_DEVICE_FAMILY = "1,2";
				TEST_TARGET_NAME = picsum;
			};
			name = Debug;
		};
		4EE9EF002C09F674009D4D1C /* Release */ = {
			isa = XCBuildConfiguration;
			buildSettings = {
				ALWAYS_EMBED_SWIFT_STANDARD_LIBRARIES = YES;
				CODE_SIGN_STYLE = Automatic;
				CURRENT_PROJECT_VERSION = 1;
				GENERATE_INFOPLIST_FILE = YES;
				MARKETING_VERSION = 1.0;
				PRODUCT_BUNDLE_IDENTIFIER = me.omico.picsumUITests;
				PRODUCT_NAME = "$(TARGET_NAME)";
				SWIFT_EMIT_LOC_STRINGS = NO;
				SWIFT_VERSION = 5.0;
				TARGETED_DEVICE_FAMILY = "1,2";
				TEST_TARGET_NAME = picsum;
			};
			name = Release;
		};
/* End XCBuildConfiguration section */

/* Begin XCConfigurationList section */
		4EE9EECF2C09F672009D4D1C /* Build configuration list for PBXProject "picsum" */ = {
			isa = XCConfigurationList;
			buildConfigurations = (
				4EE9EEF62C09F674009D4D1C /* Debug */,
				4EE9EEF72C09F674009D4D1C /* Release */,
			);
			defaultConfigurationIsVisible = 0;
			defaultConfigurationName = Release;
		};
		4EE9EEF82C09F674009D4D1C /* Build configuration list for PBXNativeTarget "picsum" */ = {
			isa = XCConfigurationList;
			buildConfigurations = (
				4EE9EEF92C09F674009D4D1C /* Debug */,
				4EE9EEFA2C09F674009D4D1C /* Release */,
			);
			defaultConfigurationIsVisible = 0;
			defaultConfigurationName = Release;
		};
		4EE9EEFB2C09F674009D4D1C /* Build configuration list for PBXNativeTarget "picsumTests" */ = {
			isa = XCConfigurationList;
			buildConfigurations = (
				4EE9EEFC2C09F674009D4D1C /* Debug */,
				4EE9EEFD2C09F674009D4D1C /* Release */,
			);
			defaultConfigurationIsVisible = 0;
			defaultConfigurationName = Release;
		};
		4EE9EEFE2C09F674009D4D1C /* Build configuration list for PBXNativeTarget "picsumUITests" */ = {
			isa = XCConfigurationList;
			buildConfigurations = (
				4EE9EEFF2C09F674009D4D1C /* Debug */,
				4EE9EF002C09F674009D4D1C /* Release */,
			);
			defaultConfigurationIsVisible = 0;
			defaultConfigurationName = Release;
		};
/* End XCConfigurationList section */
	};
	rootObject = 4EE9EECC2C09F672009D4D1C /* Project object */;
}
